
Microsoft Visual Studio Solution File, Format Version 12.00
# Visual Studio Version 17
VisualStudioVersion = 17.5.33516.290
MinimumVisualStudioVersion = 10.0.40219.1
Project("{FAE04EC0-301F-11D3-BF4B-00C04F79EFBC}") = "MagicVilla_API", "MagicVilla_API\MagicVilla_API.csproj", "{0DF15611-4DE4-4781-8771-0A027492040F}"
EndProject
Global
	GlobalSection(SolutionConfigurationPlatforms) = preSolution
		Debug|Any CPU = Debug|Any CPU
		Release|Any CPU = Release|Any CPU
	EndGlobalSection
	GlobalSection(ProjectConfigurationPlatforms) = postSolution
		{0DF15611-4DE4-4781-8771-0A027492040F}.Debug|Any CPU.ActiveCfg = Debug|Any CPU
		{0DF15611-4DE4-4781-8771-0A027492040F}.Debug|Any CPU.Build.0 = Debug|Any CPU
		{0DF15611-4DE4-4781-8771-0A027492040F}.Release|Any CPU.ActiveCfg = Release|Any CPU
		{0DF15611-4DE4-4781-8771-0A027492040F}.Release|Any CPU.Build.0 = Release|Any CPU
	EndGlobalSection
	GlobalSection(SolutionProperties) = preSolution
		HideSolutionNode = FALSE
	EndGlobalSection
	GlobalSection(ExtensibilityGlobals) = postSolution
		SolutionGuid = {2012F4CE-7113-4163-9DBD-1151C7A0E510}
	EndGlobalSection
EndGlobal
